
Microsoft Visual Studio Solution File, Format Version 12.00
Project("{F2A71F9B-5D33-465A-A702-920D77279786}") = "daifugo", "daifugo.fsproj", "{88F5FA60-8A52-4B26-86F4-2701DD54D535}"
EndProject
Project("{F2A71F9B-5D33-465A-A702-920D77279786}") = "tests", "tests\tests.fsproj", "{54D1EF8D-F05A-412F-A9EB-C35E0BEAFA57}"
EndProject
Global
	GlobalSection(SolutionConfigurationPlatforms) = preSolution
		Debug|Any CPU = Debug|Any CPU
		Release|Any CPU = Release|Any CPU
	EndGlobalSection
	GlobalSection(ProjectConfigurationPlatforms) = postSolution
		{88F5FA60-8A52-4B26-86F4-2701DD54D535}.Debug|Any CPU.ActiveCfg = Debug|Any CPU
		{88F5FA60-8A52-4B26-86F4-2701DD54D535}.Debug|Any CPU.Build.0 = Debug|Any CPU
		{88F5FA60-8A52-4B26-86F4-2701DD54D535}.Release|Any CPU.ActiveCfg = Release|Any CPU
		{88F5FA60-8A52-4B26-86F4-2701DD54D535}.Release|Any CPU.Build.0 = Release|Any CPU
		{54D1EF8D-F05A-412F-A9EB-C35E0BEAFA57}.Debug|Any CPU.ActiveCfg = Debug|Any CPU
		{54D1EF8D-F05A-412F-A9EB-C35E0BEAFA57}.Debug|Any CPU.Build.0 = Debug|Any CPU
		{54D1EF8D-F05A-412F-A9EB-C35E0BEAFA57}.Release|Any CPU.ActiveCfg = Release|Any CPU
		{54D1EF8D-F05A-412F-A9EB-C35E0BEAFA57}.Release|Any CPU.Build.0 = Release|Any CPU
	EndGlobalSection
EndGlobal
